
Microsoft Visual Studio Solution File, Format Version 12.00
# Visual Studio Version 16
VisualStudioVersion = 16.0.30611.23
MinimumVisualStudioVersion = 10.0.40219.1
Project("{FAE04EC0-301F-11D3-BF4B-00C04F79EFBC}") = "WebAPI", "WebAPI\WebAPI.csproj", "{67AB763F-17FC-4397-98C4-5B77E8C1EBDC}"
EndProject
Global
	GlobalSection(SolutionConfigurationPlatforms) = preSolution
		Debug|Any CPU = Debug|Any CPU
		Release|Any CPU = Release|Any CPU
	EndGlobalSection
	GlobalSection(ProjectConfigurationPlatforms) = postSolution
		{67AB763F-17FC-4397-98C4-5B77E8C1EBDC}.Debug|Any CPU.ActiveCfg = Debug|Any CPU
		{67AB763F-17FC-4397-98C4-5B77E8C1EBDC}.Debug|Any CPU.Build.0 = Debug|Any CPU
		{67AB763F-17FC-4397-98C4-5B77E8C1EBDC}.Release|Any CPU.ActiveCfg = Release|Any CPU
		{67AB763F-17FC-4397-98C4-5B77E8C1EBDC}.Release|Any CPU.Build.0 = Release|Any CPU
	EndGlobalSection
	GlobalSection(SolutionProperties) = preSolution
		HideSolutionNode = FALSE
	EndGlobalSection
	GlobalSection(ExtensibilityGlobals) = postSolution
		SolutionGuid = {E7C05D06-4B40-44C9-A81B-B29A0A8E495B}
	EndGlobalSection
EndGlobal
